{
  "originHash" : "558b9df07c7b03c4b14c5081c7d2050d277d59bd652b993302967d730ad5e655",
  "pins" : [
    {
      "identity" : "indexstore-db",
      "kind" : "remoteSourceControl",
      "location" : "https://github.com/swiftlang/indexstore-db.git",
      "state" : {
        "branch" : "release/6.1.1",
        "revision" : "54212fce1aecb199070808bdb265e7f17e396015"
      }
    },
    {
      "identity" : "swift-argument-parser",
      "kind" : "remoteSourceControl",
      "location" : "https://github.com/apple/swift-argument-parser.git",
      "state" : {
        "revision" : "309a47b2b1d9b5e991f36961c983ecec72275be3",
        "version" : "1.6.1"
      }
    }
  ],
  "version" : 3
}
