{
  "originHash" : "83637fb345fc932840040a0bc2e001eb7bc06c8c7de435b75f6b3602ed19900f",
  "pins" : [
    {
      "identity" : "indexstore-db",
      "kind" : "remoteSourceControl",
      "location" : "https://github.com/swiftlang/indexstore-db.git",
      "state" : {
        "branch" : "main",
        "revision" : "9be9752864fa10d2a1eab9f2248adc900233fe9b"
      }
    },
    {
      "identity" : "swift-argument-parser",
      "kind" : "remoteSourceControl",
      "location" : "https://github.com/apple/swift-argument-parser.git",
      "state" : {
        "revision" : "309a47b2b1d9b5e991f36961c983ecec72275be3",
        "version" : "1.6.1"
      }
    },
    {
      "identity" : "swift-lmdb",
      "kind" : "remoteSourceControl",
      "location" : "https://github.com/swiftlang/swift-lmdb.git",
      "state" : {
        "branch" : "main",
        "revision" : "1ad9a2d80b6fcde498c2242f509bd1be7d667ff8"
      }
    }
  ],
  "version" : 3
}
